github.com/ivan7182/go-say-hello v1.0.0 h1:IpsIFWB3enh1dDMkQsk7HmU84AvZtF12JaCV8YHSGPs=
github.com/ivan7182/go-say-hello v1.0.0/go.mod h1:GQDcTRGenwBL3Ck4qoUnPFJUNYecMxwMt1HUZ3M4t34=
github.com/ivan7182/go-say-hello v1.0.9 h1:fn5bPUQ6O7KBUN1XhH5sObWW60cta6S1+4UQATbVqHo=
github.com/ivan7182/go-say-hello v1.0.9/go.mod h1:GQDcTRGenwBL3Ck4qoUnPFJUNYecMxwMt1HUZ3M4t34=
github.com/ivan7182/go-say-hello v1.5.0 h1:GRnhNR6EfCJpoyAbvT9O483rGiMkuRfAgBSfnjbWSQs=
github.com/ivan7182/go-say-hello v1.5.0/go.mod h1:GQDcTRGenwBL3Ck4qoUnPFJUNYecMxwMt1HUZ3M4t34=
github.com/ivan7182/go-say-hello/v2 v2.0.1 h1:V5dwjfxXPIplFNOltp5fxCH+Q+ja23AaD8cC6KN9j+M=
github.com/ivan7182/go-say-hello/v2 v2.0.1/go.mod h1:SrjWbkjnSvNTGGndXI8/ODwzD0agMS01N1Rdhrhg1Eo=
